<?xml version="1.0" encoding="utf-8"?>
<Project ToolsVersion="4.0" xmlns="http://schemas.microsoft.com/developer/msbuild/2003">
  <ItemGroup>
    <Filter Include="Source Files">
      <UniqueIdentifier>{4FC737F1-C7A5-4376-A066-2A32D752A2FF}</UniqueIdentifier>
      <Extensions>cpp;c;cc;cxx;c++;cppm;ixx;def;odl;idl;hpj;bat;asm;asmx</Extensions>
    </Filter>
    <Filter Include="Header Files">
      <UniqueIdentifier>{93995380-89BD-4b04-88EB-625FBE52EBFB}</UniqueIdentifier>
      <Extensions>h;hh;hpp;hxx;h++;hm;inl;inc;ipp;xsd</Extensions>
    </Filter>
    <Filter Include="Resource Files">
      <UniqueIdentifier>{67DA6AB6-F800-4c08-8B7A-83BB121AAD01}</UniqueIdentifier>
      <Extensions>rc;ico;cur;bmp;dlg;rc2;rct;bin;rgs;gif;jpg;jpeg;jpe;resx;tiff;tif;png;wav;mfcribbon-ms</Extensions>
    </Filter>
  </ItemGroup>
  <ItemGroup>
    <Library Include="dependencies\glew32.lib" />
    <Library Include="dependencies\glfw3.lib" />
  </ItemGroup>
  <ItemGroup>
    <ClInclude Include="main\base\IndexBufferO.h">
      <Filter>Header Files</Filter>
    </ClInclude>
    <ClInclude Include="main\base\renderer.h">
      <Filter>Header Files</Filter>
    </ClInclude>
    <ClInclude Include="main\base\shader.h">
      <Filter>Header Files</Filter>
    </ClInclude>
    <ClInclude Include="main\base\VertexArrayB.h">
      <Filter>Header Files</Filter>
    </ClInclude>
    <ClInclude Include="main\base\VertexBufferO.h">
      <Filter>Header Files</Filter>
    </ClInclude>
    <ClInclude Include="main\base\VertexBufferLayout.h">
      <Filter>Header Files</Filter>
    </ClInclude>
    <ClInclude Include="main\base\GenerateGrid.h">
      <Filter>Header Files</Filter>
    </ClInclude>
    <ClInclude Include="main\base\load_model.h">
      <Filter>Header Files</Filter>
    </ClInclude>
    <ClInclude Include="main\base\texture.h">
      <Filter>Header Files</Filter>
    </ClInclude>
    <ClInclude Include="include\stb_image.h">
      <Filter>Header Files</Filter>
    </ClInclude>
    <ClInclude Include="main\base\stb.h">
      <Filter>Header Files</Filter>
    </ClInclude>
  </ItemGroup>
  <ItemGroup>
    <ClCompile Include="main\base\IndexBufferO.cpp">
      <Filter>Source Files</Filter>
    </ClCompile>
    <ClCompile Include="main\base\main.cpp">
      <Filter>Source Files</Filter>
    </ClCompile>
    <ClCompile Include="main\base\renderer.cpp">
      <Filter>Source Files</Filter>
    </ClCompile>
    <ClCompile Include="main\base\shader.cpp">
      <Filter>Source Files</Filter>
    </ClCompile>
    <ClCompile Include="main\base\VertexArrayB.cpp">
      <Filter>Source Files</Filter>
    </ClCompile>
    <ClCompile Include="main\base\VertexBufferO.cpp">
      <Filter>Source Files</Filter>
    </ClCompile>
    <ClCompile Include="main\base\GenerateGrid.cpp">
      <Filter>Source Files</Filter>
    </ClCompile>
    <ClCompile Include="main\base\load_model.cpp">
      <Filter>Source Files</Filter>
    </ClCompile>
    <ClCompile Include="main\base\texture.cpp">
      <Filter>Source Files</Filter>
    </ClCompile>
  </ItemGroup>
  <ItemGroup>
    <None Include="main\base\shader.shader" />
  </ItemGroup>
  <ItemGroup>
    <Image Include="main\texture\wall.jpg">
      <Filter>Resource Files</Filter>
    </Image>
  </ItemGroup>
</Project>